{
    "name": "eris-utils",
    "version": "1.0.0",
    "lockfileVersion": 2,
    "requires": true,
    "packages": {
        "": {
            "name": "eris-utils",
            "version": "1.0.0",
            "license": "ISC",
            "dependencies": {
                "eris": "^0.17.1",
                "gen-esm-wrapper": "^1.1.3",
                "husky": "^8.0.1",
                "tiny-typed-emitter": "^2.1.0"
            }
        },
        "node_modules/assert": {
            "version": "1.5.0",
            "resolved": "https://registry.npmjs.org/assert/-/assert-1.5.0.tgz",
            "integrity": "sha512-EDsgawzwoun2CZkCgtxJbv392v4nbk9XDD06zI+kQYoBM/3RBWLlEyJARDOmhAAosBjWACEkKL6S+lIZtcAubA==",
            "dependencies": {
                "object-assign": "^4.1.1",
                "util": "0.10.3"
            }
        },
        "node_modules/eris": {
            "version": "0.17.1",
            "resolved": "https://registry.npmjs.org/eris/-/eris-0.17.1.tgz",
            "integrity": "sha512-PexpHusPxViuzcsSM0GQEAgZRJbziFfeeLifc8+ZrvS88UusPieQlUD7pRm28E7m7rN+p+Rt6bf9jGLwD725Zg==",
            "dependencies": {
                "ws": "^8.2.3"
            },
            "engines": {
                "node": ">=10.4.0"
            },
            "optionalDependencies": {
                "opusscript": "^0.0.8",
                "tweetnacl": "^1.0.3"
            }
        },
        "node_modules/gen-esm-wrapper": {
            "version": "1.1.3",
            "resolved": "https://registry.npmjs.org/gen-esm-wrapper/-/gen-esm-wrapper-1.1.3.tgz",
            "integrity": "sha512-LNHZ+QpaCW/0VhABIbXn45V+P8kFvjjwuue9hbV23eOjuFVz6c0FE3z1XpLX9pSjLW7UmtCkXo5F9vhZWVs8oQ==",
            "dependencies": {
                "is-valid-identifier": "^2.0.2"
            },
            "bin": {
                "gen-esm-wrapper": "gen-esm-wrapper.js"
            }
        },
        "node_modules/husky": {
            "version": "8.0.1",
            "resolved": "https://registry.npmjs.org/husky/-/husky-8.0.1.tgz",
            "integrity": "sha512-xs7/chUH/CKdOCs7Zy0Aev9e/dKOMZf3K1Az1nar3tzlv0jfqnYtu235bstsWTmXOR0EfINrPa97yy4Lz6RiKw==",
            "bin": {
                "husky": "lib/bin.js"
            },
            "engines": {
                "node": ">=14"
            },
            "funding": {
                "url": "https://github.com/sponsors/typicode"
            }
        },
        "node_modules/inherits": {
            "version": "2.0.1",
            "resolved": "https://registry.npmjs.org/inherits/-/inherits-2.0.1.tgz",
            "integrity": "sha512-8nWq2nLTAwd02jTqJExUYFSD/fKq6VH9Y/oG2accc/kdI0V98Bag8d5a4gi3XHz73rDWa2PvTtvcWYquKqSENA=="
        },
        "node_modules/is-valid-identifier": {
            "version": "2.0.2",
            "resolved": "https://registry.npmjs.org/is-valid-identifier/-/is-valid-identifier-2.0.2.tgz",
            "integrity": "sha512-mpS5EGqXOwzXtKAg6I44jIAqeBfntFLxpAth1rrKbxtKyI6LPktyDYpHBI+tHlduhhX/SF26mFXmxQu995QVqg==",
            "dependencies": {
                "assert": "^1.4.1"
            }
        },
        "node_modules/object-assign": {
            "version": "4.1.1",
            "resolved": "https://registry.npmjs.org/object-assign/-/object-assign-4.1.1.tgz",
            "integrity": "sha512-rJgTQnkUnH1sFw8yT6VSU3zD3sWmu6sZhIseY8VX+GRu3P6F7Fu+JNDoXfklElbLJSnc3FUQHVe4cU5hj+BcUg==",
            "engines": {
                "node": ">=0.10.0"
            }
        },
        "node_modules/opusscript": {
            "version": "0.0.8",
            "resolved": "https://registry.npmjs.org/opusscript/-/opusscript-0.0.8.tgz",
            "integrity": "sha512-VSTi1aWFuCkRCVq+tx/BQ5q9fMnQ9pVZ3JU4UHKqTkf0ED3fKEPdr+gKAAl3IA2hj9rrP6iyq3hlcJq3HELtNQ==",
            "optional": true
        },
        "node_modules/tiny-typed-emitter": {
            "version": "2.1.0",
            "resolved": "https://registry.npmjs.org/tiny-typed-emitter/-/tiny-typed-emitter-2.1.0.tgz",
            "integrity": "sha512-qVtvMxeXbVej0cQWKqVSSAHmKZEHAvxdF8HEUBFWts8h+xEo5m/lEiPakuyZ3BnCBjOD8i24kzNOiOLLgsSxhA=="
        },
        "node_modules/tweetnacl": {
            "version": "1.0.3",
            "resolved": "https://registry.npmjs.org/tweetnacl/-/tweetnacl-1.0.3.tgz",
            "integrity": "sha512-6rt+RN7aOi1nGMyC4Xa5DdYiukl2UWCbcJft7YhxReBGQD7OAM8Pbxw6YMo4r2diNEA8FEmu32YOn9rhaiE5yw==",
            "optional": true
        },
        "node_modules/util": {
            "version": "0.10.3",
            "resolved": "https://registry.npmjs.org/util/-/util-0.10.3.tgz",
            "integrity": "sha512-5KiHfsmkqacuKjkRkdV7SsfDJ2EGiPsK92s2MhNSY0craxjTdKTtqKsJaCWp4LW33ZZ0OPUv1WO/TFvNQRiQxQ==",
            "dependencies": {
                "inherits": "2.0.1"
            }
        },
        "node_modules/ws": {
            "version": "8.8.0",
            "resolved": "https://registry.npmjs.org/ws/-/ws-8.8.0.tgz",
            "integrity": "sha512-JDAgSYQ1ksuwqfChJusw1LSJ8BizJ2e/vVu5Lxjq3YvNJNlROv1ui4i+c/kUUrPheBvQl4c5UbERhTwKa6QBJQ==",
            "engines": {
                "node": ">=10.0.0"
            },
            "peerDependencies": {
                "bufferutil": "^4.0.1",
                "utf-8-validate": "^5.0.2"
            },
            "peerDependenciesMeta": {
                "bufferutil": {
                    "optional": true
                },
                "utf-8-validate": {
                    "optional": true
                }
            }
        }
    },
    "dependencies": {
        "assert": {
            "version": "1.5.0",
            "resolved": "https://registry.npmjs.org/assert/-/assert-1.5.0.tgz",
            "integrity": "sha512-EDsgawzwoun2CZkCgtxJbv392v4nbk9XDD06zI+kQYoBM/3RBWLlEyJARDOmhAAosBjWACEkKL6S+lIZtcAubA==",
            "requires": {
                "object-assign": "^4.1.1",
                "util": "0.10.3"
            }
        },
        "eris": {
            "version": "0.17.1",
            "resolved": "https://registry.npmjs.org/eris/-/eris-0.17.1.tgz",
            "integrity": "sha512-PexpHusPxViuzcsSM0GQEAgZRJbziFfeeLifc8+ZrvS88UusPieQlUD7pRm28E7m7rN+p+Rt6bf9jGLwD725Zg==",
            "requires": {
                "opusscript": "^0.0.8",
                "tweetnacl": "^1.0.3",
                "ws": "^8.2.3"
            }
        },
        "gen-esm-wrapper": {
            "version": "1.1.3",
            "resolved": "https://registry.npmjs.org/gen-esm-wrapper/-/gen-esm-wrapper-1.1.3.tgz",
            "integrity": "sha512-LNHZ+QpaCW/0VhABIbXn45V+P8kFvjjwuue9hbV23eOjuFVz6c0FE3z1XpLX9pSjLW7UmtCkXo5F9vhZWVs8oQ==",
            "requires": {
                "is-valid-identifier": "^2.0.2"
            }
        },
        "husky": {
            "version": "8.0.1",
            "resolved": "https://registry.npmjs.org/husky/-/husky-8.0.1.tgz",
            "integrity": "sha512-xs7/chUH/CKdOCs7Zy0Aev9e/dKOMZf3K1Az1nar3tzlv0jfqnYtu235bstsWTmXOR0EfINrPa97yy4Lz6RiKw=="
        },
        "inherits": {
            "version": "2.0.1",
            "resolved": "https://registry.npmjs.org/inherits/-/inherits-2.0.1.tgz",
            "integrity": "sha512-8nWq2nLTAwd02jTqJExUYFSD/fKq6VH9Y/oG2accc/kdI0V98Bag8d5a4gi3XHz73rDWa2PvTtvcWYquKqSENA=="
        },
        "is-valid-identifier": {
            "version": "2.0.2",
            "resolved": "https://registry.npmjs.org/is-valid-identifier/-/is-valid-identifier-2.0.2.tgz",
            "integrity": "sha512-mpS5EGqXOwzXtKAg6I44jIAqeBfntFLxpAth1rrKbxtKyI6LPktyDYpHBI+tHlduhhX/SF26mFXmxQu995QVqg==",
            "requires": {
                "assert": "^1.4.1"
            }
        },
        "object-assign": {
            "version": "4.1.1",
            "resolved": "https://registry.npmjs.org/object-assign/-/object-assign-4.1.1.tgz",
            "integrity": "sha512-rJgTQnkUnH1sFw8yT6VSU3zD3sWmu6sZhIseY8VX+GRu3P6F7Fu+JNDoXfklElbLJSnc3FUQHVe4cU5hj+BcUg=="
        },
        "opusscript": {
            "version": "0.0.8",
            "resolved": "https://registry.npmjs.org/opusscript/-/opusscript-0.0.8.tgz",
            "integrity": "sha512-VSTi1aWFuCkRCVq+tx/BQ5q9fMnQ9pVZ3JU4UHKqTkf0ED3fKEPdr+gKAAl3IA2hj9rrP6iyq3hlcJq3HELtNQ==",
            "optional": true
        },
        "tiny-typed-emitter": {
            "version": "2.1.0",
            "resolved": "https://registry.npmjs.org/tiny-typed-emitter/-/tiny-typed-emitter-2.1.0.tgz",
            "integrity": "sha512-qVtvMxeXbVej0cQWKqVSSAHmKZEHAvxdF8HEUBFWts8h+xEo5m/lEiPakuyZ3BnCBjOD8i24kzNOiOLLgsSxhA=="
        },
        "tweetnacl": {
            "version": "1.0.3",
            "resolved": "https://registry.npmjs.org/tweetnacl/-/tweetnacl-1.0.3.tgz",
            "integrity": "sha512-6rt+RN7aOi1nGMyC4Xa5DdYiukl2UWCbcJft7YhxReBGQD7OAM8Pbxw6YMo4r2diNEA8FEmu32YOn9rhaiE5yw==",
            "optional": true
        },
        "util": {
            "version": "0.10.3",
            "resolved": "https://registry.npmjs.org/util/-/util-0.10.3.tgz",
            "integrity": "sha512-5KiHfsmkqacuKjkRkdV7SsfDJ2EGiPsK92s2MhNSY0craxjTdKTtqKsJaCWp4LW33ZZ0OPUv1WO/TFvNQRiQxQ==",
            "requires": {
                "inherits": "2.0.1"
            }
        },
        "ws": {
            "version": "8.8.0",
            "resolved": "https://registry.npmjs.org/ws/-/ws-8.8.0.tgz",
            "integrity": "sha512-JDAgSYQ1ksuwqfChJusw1LSJ8BizJ2e/vVu5Lxjq3YvNJNlROv1ui4i+c/kUUrPheBvQl4c5UbERhTwKa6QBJQ==",
            "requires": {}
        }
    }
}
